
Microsoft Visual Studio Solution File, Format Version 12.00
# Visual Studio Express 2012 for Windows Desktop
Project("{FAE04EC0-301F-11D3-BF4B-00C04F79EFBC}") = "KeyboardSimulator", "KeyboardSimulator\KeyboardSimulator.csproj", "{1C101EC9-B258-42D3-A61F-F7532A8A8886}"
EndProject
Global
	GlobalSection(SolutionConfigurationPlatforms) = preSolution
		Debug|Any CPU = Debug|Any CPU
		Release|Any CPU = Release|Any CPU
	EndGlobalSection
	GlobalSection(ProjectConfigurationPlatforms) = postSolution
		{1C101EC9-B258-42D3-A61F-F7532A8A8886}.Debug|Any CPU.ActiveCfg = Debug|Any CPU
		{1C101EC9-B258-42D3-A61F-F7532A8A8886}.Debug|Any CPU.Build.0 = Debug|Any CPU
		{1C101EC9-B258-42D3-A61F-F7532A8A8886}.Release|Any CPU.ActiveCfg = Release|Any CPU
		{1C101EC9-B258-42D3-A61F-F7532A8A8886}.Release|Any CPU.Build.0 = Release|Any CPU
	EndGlobalSection
	GlobalSection(SolutionProperties) = preSolution
		HideSolutionNode = FALSE
	EndGlobalSection
EndGlobal
